// !$*UTF8*$!
{
	archiveVersion = 1;
	classes = {
	};
	objectVersion = 46;
	objects = {

/* Begin PBXBuildFile section */
		DD40B7161A8C4C2E0020EA53 /* HealthKit.framework in Frameworks */ = {isa = PBXBuildFile; fileRef = DD40B7151A8C4C2E0020EA53 /* HealthKit.framework */; };
		DD40B7191A8C4C990020EA53 /* HealthStoreConstant.swift in Sources */ = {isa = PBXBuildFile; fileRef = DD40B7181A8C4C990020EA53 /* HealthStoreConstant.swift */; };
		DD6DDA071A8859BC00A1F933 /* AppDelegate.swift in Sources */ = {isa = PBXBuildFile; fileRef = DD6DDA061A8859BC00A1F933 /* AppDelegate.swift */; };
		DD6DDA0A1A8859BC00A1F933 /* FoodTracker.xcdatamodeld in Sources */ = {isa = PBXBuildFile; fileRef = DD6DDA081A8859BC00A1F933 /* FoodTracker.xcdatamodeld */; };
		DD6DDA0C1A8859BC00A1F933 /* ViewController.swift in Sources */ = {isa = PBXBuildFile; fileRef = DD6DDA0B1A8859BC00A1F933 /* ViewController.swift */; };
		DD6DDA0F1A8859BC00A1F933 /* Main.storyboard in Resources */ = {isa = PBXBuildFile; fileRef = DD6DDA0D1A8859BC00A1F933 /* Main.storyboard */; };
		DD6DDA111A8859BC00A1F933 /* Images.xcassets in Resources */ = {isa = PBXBuildFile; fileRef = DD6DDA101A8859BC00A1F933 /* Images.xcassets */; };
		DD6DDA141A8859BC00A1F933 /* LaunchScreen.xib in Resources */ = {isa = PBXBuildFile; fileRef = DD6DDA121A8859BC00A1F933 /* LaunchScreen.xib */; };
		DD6DDA201A8859BD00A1F933 /* FoodTrackerTests.swift in Sources */ = {isa = PBXBuildFile; fileRef = DD6DDA1F1A8859BD00A1F933 /* FoodTrackerTests.swift */; };
		DD6DDA2A1A885A6400A1F933 /* DetailViewController.swift in Sources */ = {isa = PBXBuildFile; fileRef = DD6DDA291A885A6400A1F933 /* DetailViewController.swift */; };
		DD6DDA2C1A8986D000A1F933 /* DataController.swift in Sources */ = {isa = PBXBuildFile; fileRef = DD6DDA2B1A8986D000A1F933 /* DataController.swift */; };
		DD6DDA2E1A899AAB00A1F933 /* USDAItem.swift in Sources */ = {isa = PBXBuildFile; fileRef = DD6DDA2D1A899AAB00A1F933 /* USDAItem.swift */; };
/* End PBXBuildFile section */

/* Begin PBXContainerItemProxy section */
		DD6DDA1A1A8859BD00A1F933 /* PBXContainerItemProxy */ = {
			isa = PBXContainerItemProxy;
			containerPortal = DD6DD9F91A8859BC00A1F933 /* Project object */;
			proxyType = 1;
			remoteGlobalIDString = DD6DDA001A8859BC00A1F933;
			remoteInfo = FoodTracker;
		};
/* End PBXContainerItemProxy section */

/* Begin PBXFileReference section */
		DD40B7151A8C4C2E0020EA53 /* HealthKit.framework */ = {isa = PBXFileReference; lastKnownFileType = wrapper.framework; name = HealthKit.framework; path = System/Library/Frameworks/HealthKit.framework; sourceTree = SDKROOT; };
		DD40B7171A8C4C2E0020EA53 /* FoodTracker.entitlements */ = {isa = PBXFileReference; lastKnownFileType = text.xml; path = FoodTracker.entitlements; sourceTree = "<group>"; };
		DD40B7181A8C4C990020EA53 /* HealthStoreConstant.swift */ = {isa = PBXFileReference; fileEncoding = 4; lastKnownFileType = sourcecode.swift; path = HealthStoreConstant.swift; sourceTree = "<group>"; };
		DD6DDA011A8859BC00A1F933 /* FoodTracker.app */ = {isa = PBXFileReference; explicitFileType = wrapper.application; includeInIndex = 0; path = FoodTracker.app; sourceTree = BUILT_PRODUCTS_DIR; };
		DD6DDA051A8859BC00A1F933 /* Info.plist */ = {isa = PBXFileReference; lastKnownFileType = text.plist.xml; path = Info.plist; sourceTree = "<group>"; };
		DD6DDA061A8859BC00A1F933 /* AppDelegate.swift */ = {isa = PBXFileReference; lastKnownFileType = sourcecode.swift; path = AppDelegate.swift; sourceTree = "<group>"; };
		DD6DDA091A8859BC00A1F933 /* FoodTracker.xcdatamodel */ = {isa = PBXFileReference; lastKnownFileType = wrapper.xcdatamodel; path = FoodTracker.xcdatamodel; sourceTree = "<group>"; };
		DD6DDA0B1A8859BC00A1F933 /* ViewController.swift */ = {isa = PBXFileReference; lastKnownFileType = sourcecode.swift; path = ViewController.swift; sourceTree = "<group>"; };
		DD6DDA0E1A8859BC00A1F933 /* Base */ = {isa = PBXFileReference; lastKnownFileType = file.storyboard; name = Base; path = Base.lproj/Main.storyboard; sourceTree = "<group>"; };
		DD6DDA101A8859BC00A1F933 /* Images.xcassets */ = {isa = PBXFileReference; lastKnownFileType = folder.assetcatalog; path = Images.xcassets; sourceTree = "<group>"; };
		DD6DDA131A8859BC00A1F933 /* Base */ = {isa = PBXFileReference; lastKnownFileType = file.xib; name = Base; path = Base.lproj/LaunchScreen.xib; sourceTree = "<group>"; };
		DD6DDA191A8859BD00A1F933 /* FoodTrackerTests.xctest */ = {isa = PBXFileReference; explicitFileType = wrapper.cfbundle; includeInIndex = 0; path = FoodTrackerTests.xctest; sourceTree = BUILT_PRODUCTS_DIR; };
		DD6DDA1E1A8859BD00A1F933 /* Info.plist */ = {isa = PBXFileReference; lastKnownFileType = text.plist.xml; path = Info.plist; sourceTree = "<group>"; };
		DD6DDA1F1A8859BD00A1F933 /* FoodTrackerTests.swift */ = {isa = PBXFileReference; lastKnownFileType = sourcecode.swift; path = FoodTrackerTests.swift; sourceTree = "<group>"; };
		DD6DDA291A885A6400A1F933 /* DetailViewController.swift */ = {isa = PBXFileReference; fileEncoding = 4; lastKnownFileType = sourcecode.swift; path = DetailViewController.swift; sourceTree = "<group>"; };
		DD6DDA2B1A8986D000A1F933 /* DataController.swift */ = {isa = PBXFileReference; fileEncoding = 4; lastKnownFileType = sourcecode.swift; path = DataController.swift; sourceTree = "<group>"; };
		DD6DDA2D1A899AAB00A1F933 /* USDAItem.swift */ = {isa = PBXFileReference; fileEncoding = 4; lastKnownFileType = sourcecode.swift; path = USDAItem.swift; sourceTree = "<group>"; };
/* End PBXFileReference section */

/* Begin PBXFrameworksBuildPhase section */
		DD6DD9FE1A8859BC00A1F933 /* Frameworks */ = {
			isa = PBXFrameworksBuildPhase;
			buildActionMask = 2147483647;
			files = (
				DD40B7161A8C4C2E0020EA53 /* HealthKit.framework in Frameworks */,
			);
			runOnlyForDeploymentPostprocessing = 0;
		};
		DD6DDA161A8859BD00A1F933 /* Frameworks */ = {
			isa = PBXFrameworksBuildPhase;
			buildActionMask = 2147483647;
			files = (
			);
			runOnlyForDeploymentPostprocessing = 0;
		};
/* End PBXFrameworksBuildPhase section */

/* Begin PBXGroup section */
		DD6DD9F81A8859BC00A1F933 = {
			isa = PBXGroup;
			children = (
				DD6DDA031A8859BC00A1F933 /* FoodTracker */,
				DD6DDA1C1A8859BD00A1F933 /* FoodTrackerTests */,
				DD6DDA021A8859BC00A1F933 /* Products */,
			);
			sourceTree = "<group>";
		};
		DD6DDA021A8859BC00A1F933 /* Products */ = {
			isa = PBXGroup;
			children = (
				DD6DDA011A8859BC00A1F933 /* FoodTracker.app */,
				DD6DDA191A8859BD00A1F933 /* FoodTrackerTests.xctest */,
			);
			name = Products;
			sourceTree = "<group>";
		};
		DD6DDA031A8859BC00A1F933 /* FoodTracker */ = {
			isa = PBXGroup;
			children = (
				DD40B7171A8C4C2E0020EA53 /* FoodTracker.entitlements */,
				DD6DDA061A8859BC00A1F933 /* AppDelegate.swift */,
				DD6DDA291A885A6400A1F933 /* DetailViewController.swift */,
				DD40B7181A8C4C990020EA53 /* HealthStoreConstant.swift */,
				DD6DDA0B1A8859BC00A1F933 /* ViewController.swift */,
				DD6DDA2B1A8986D000A1F933 /* DataController.swift */,
				DD6DDA0D1A8859BC00A1F933 /* Main.storyboard */,
				DD6DDA101A8859BC00A1F933 /* Images.xcassets */,
				DD6DDA121A8859BC00A1F933 /* LaunchScreen.xib */,
				DD6DDA081A8859BC00A1F933 /* FoodTracker.xcdatamodeld */,
				DD6DDA2D1A899AAB00A1F933 /* USDAItem.swift */,
				DD6DDA041A8859BC00A1F933 /* Supporting Files */,
			);
			path = FoodTracker;
			sourceTree = "<group>";
		};
		DD6DDA041A8859BC00A1F933 /* Supporting Files */ = {
			isa = PBXGroup;
			children = (
				DD40B7151A8C4C2E0020EA53 /* HealthKit.framework */,
				DD6DDA051A8859BC00A1F933 /* Info.plist */,
			);
			name = "Supporting Files";
			sourceTree = "<group>";
		};
		DD6DDA1C1A8859BD00A1F933 /* FoodTrackerTests */ = {
			isa = PBXGroup;
			children = (
				DD6DDA1F1A8859BD00A1F933 /* FoodTrackerTests.swift */,
				DD6DDA1D1A8859BD00A1F933 /* Supporting Files */,
			);
			path = FoodTrackerTests;
			sourceTree = "<group>";
		};
		DD6DDA1D1A8859BD00A1F933 /* Supporting Files */ = {
			isa = PBXGroup;
			children = (
				DD6DDA1E1A8859BD00A1F933 /* Info.plist */,
			);
			name = "Supporting Files";
			sourceTree = "<group>";
		};
/* End PBXGroup section */

/* Begin PBXNativeTarget section */
		DD6DDA001A8859BC00A1F933 /* FoodTracker */ = {
			isa = PBXNativeTarget;
			buildConfigurationList = DD6DDA231A8859BD00A1F933 /* Build configuration list for PBXNativeTarget "FoodTracker" */;
			buildPhases = (
				DD6DD9FD1A8859BC00A1F933 /* Sources */,
				DD6DD9FE1A8859BC00A1F933 /* Frameworks */,
				DD6DD9FF1A8859BC00A1F933 /* Resources */,
			);
			buildRules = (
			);
			dependencies = (
			);
			name = FoodTracker;
			productName = FoodTracker;
			productReference = DD6DDA011A8859BC00A1F933 /* FoodTracker.app */;
			productType = "com.apple.product-type.application";
		};
		DD6DDA181A8859BD00A1F933 /* FoodTrackerTests */ = {
			isa = PBXNativeTarget;
			buildConfigurationList = DD6DDA261A8859BD00A1F933 /* Build configuration list for PBXNativeTarget "FoodTrackerTests" */;
			buildPhases = (
				DD6DDA151A8859BD00A1F933 /* Sources */,
				DD6DDA161A8859BD00A1F933 /* Frameworks */,
				DD6DDA171A8859BD00A1F933 /* Resources */,
			);
			buildRules = (
			);
			dependencies = (
				DD6DDA1B1A8859BD00A1F933 /* PBXTargetDependency */,
			);
			name = FoodTrackerTests;
			productName = FoodTrackerTests;
			productReference = DD6DDA191A8859BD00A1F933 /* FoodTrackerTests.xctest */;
			productType = "com.apple.product-type.bundle.unit-test";
		};
/* End PBXNativeTarget section */

/* Begin PBXProject section */
		DD6DD9F91A8859BC00A1F933 /* Project object */ = {
			isa = PBXProject;
			attributes = {
				LastUpgradeCheck = 0610;
				ORGANIZATIONNAME = AlexGaesser;
				TargetAttributes = {
					DD6DDA001A8859BC00A1F933 = {
						CreatedOnToolsVersion = 6.1.1;
						DevelopmentTeam = EWSG73UAR9;
						SystemCapabilities = {
							com.apple.HealthKit = {
								enabled = 1;
							};
						};
					};
					DD6DDA181A8859BD00A1F933 = {
						CreatedOnToolsVersion = 6.1.1;
						TestTargetID = DD6DDA001A8859BC00A1F933;
					};
				};
			};
			buildConfigurationList = DD6DD9FC1A8859BC00A1F933 /* Build configuration list for PBXProject "FoodTracker" */;
			compatibilityVersion = "Xcode 3.2";
			developmentRegion = English;
			hasScannedForEncodings = 0;
			knownRegions = (
				en,
				Base,
			);
			mainGroup = DD6DD9F81A8859BC00A1F933;
			productRefGroup = DD6DDA021A8859BC00A1F933 /* Products */;
			projectDirPath = "";
			projectRoot = "";
			targets = (
				DD6DDA001A8859BC00A1F933 /* FoodTracker */,
				DD6DDA181A8859BD00A1F933 /* FoodTrackerTests */,
			);
		};
/* End PBXProject section */

/* Begin PBXResourcesBuildPhase section */
		DD6DD9FF1A8859BC00A1F933 /* Resources */ = {
			isa = PBXResourcesBuildPhase;
			buildActionMask = 2147483647;
			files = (
				DD6DDA0F1A8859BC00A1F933 /* Main.storyboard in Resources */,
				DD6DDA141A8859BC00A1F933 /* LaunchScreen.xib in Resources */,
				DD6DDA111A8859BC00A1F933 /* Images.xcassets in Resources */,
			);
			runOnlyForDeploymentPostprocessing = 0;
		};
		DD6DDA171A8859BD00A1F933 /* Resources */ = {
			isa = PBXResourcesBuildPhase;
			buildActionMask = 2147483647;
			files = (
			);
			runOnlyForDeploymentPostprocessing = 0;
		};
/* End PBXResourcesBuildPhase section */

/* Begin PBXSourcesBuildPhase section */
		DD6DD9FD1A8859BC00A1F933 /* Sources */ = {
			isa = PBXSourcesBuildPhase;
			buildActionMask = 2147483647;
			files = (
				DD6DDA2C1A8986D000A1F933 /* DataController.swift in Sources */,
				DD6DDA0C1A8859BC00A1F933 /* ViewController.swift in Sources */,
				DD6DDA0A1A8859BC00A1F933 /* FoodTracker.xcdatamodeld in Sources */,
				DD6DDA2E1A899AAB00A1F933 /* USDAItem.swift in Sources */,
				DD6DDA071A8859BC00A1F933 /* AppDelegate.swift in Sources */,
				DD6DDA2A1A885A6400A1F933 /* DetailViewController.swift in Sources */,
				DD40B7191A8C4C990020EA53 /* HealthStoreConstant.swift in Sources */,
			);
			runOnlyForDeploymentPostprocessing = 0;
		};
		DD6DDA151A8859BD00A1F933 /* Sources */ = {
			isa = PBXSourcesBuildPhase;
			buildActionMask = 2147483647;
			files = (
				DD6DDA201A8859BD00A1F933 /* FoodTrackerTests.swift in Sources */,
			);
			runOnlyForDeploymentPostprocessing = 0;
		};
/* End PBXSourcesBuildPhase section */

/* Begin PBXTargetDependency section */
		DD6DDA1B1A8859BD00A1F933 /* PBXTargetDependency */ = {
			isa = PBXTargetDependency;
			target = DD6DDA001A8859BC00A1F933 /* FoodTracker */;
			targetProxy = DD6DDA1A1A8859BD00A1F933 /* PBXContainerItemProxy */;
		};
/* End PBXTargetDependency section */

/* Begin PBXVariantGroup section */
		DD6DDA0D1A8859BC00A1F933 /* Main.storyboard */ = {
			isa = PBXVariantGroup;
			children = (
				DD6DDA0E1A8859BC00A1F933 /* Base */,
			);
			name = Main.storyboard;
			sourceTree = "<group>";
		};
		DD6DDA121A8859BC00A1F933 /* LaunchScreen.xib */ = {
			isa = PBXVariantGroup;
			children = (
				DD6DDA131A8859BC00A1F933 /* Base */,
			);
			name = LaunchScreen.xib;
			sourceTree = "<group>";
		};
/* End PBXVariantGroup section */

/* Begin XCBuildConfiguration section */
		DD6DDA211A8859BD00A1F933 /* Debug */ = {
			isa = XCBuildConfiguration;
			buildSettings = {
				ALWAYS_SEARCH_USER_PATHS = NO;
				CLANG_CXX_LANGUAGE_STANDARD = "gnu++0x";
				CLANG_CXX_LIBRARY = "libc++";
				CLANG_ENABLE_MODULES = YES;
				CLANG_ENABLE_OBJC_ARC = YES;
				CLANG_WARN_BOOL_CONVERSION = YES;
				CLANG_WARN_CONSTANT_CONVERSION = YES;
				CLANG_WARN_DIRECT_OBJC_ISA_USAGE = YES_ERROR;
				CLANG_WARN_EMPTY_BODY = YES;
				CLANG_WARN_ENUM_CONVERSION = YES;
				CLANG_WARN_INT_CONVERSION = YES;
				CLANG_WARN_OBJC_ROOT_CLASS = YES_ERROR;
				CLANG_WARN_UNREACHABLE_CODE = YES;
				CLANG_WARN__DUPLICATE_METHOD_MATCH = YES;
				"CODE_SIGN_IDENTITY[sdk=iphoneos*]" = "iPhone Developer";
				COPY_PHASE_STRIP = NO;
				ENABLE_STRICT_OBJC_MSGSEND = YES;
				GCC_C_LANGUAGE_STANDARD = gnu99;
				GCC_DYNAMIC_NO_PIC = NO;
				GCC_OPTIMIZATION_LEVEL = 0;
				GCC_PREPROCESSOR_DEFINITIONS = (
					"DEBUG=1",
					"$(inherited)",
				);
				GCC_SYMBOLS_PRIVATE_EXTERN = NO;
				GCC_WARN_64_TO_32_BIT_CONVERSION = YES;
				GCC_WARN_ABOUT_RETURN_TYPE = YES_ERROR;
				GCC_WARN_UNDECLARED_SELECTOR = YES;
				GCC_WARN_UNINITIALIZED_AUTOS = YES_AGGRESSIVE;
				GCC_WARN_UNUSED_FUNCTION = YES;
				GCC_WARN_UNUSED_VARIABLE = YES;
				IPHONEOS_DEPLOYMENT_TARGET = 8.1;
				MTL_ENABLE_DEBUG_INFO = YES;
				ONLY_ACTIVE_ARCH = YES;
				SDKROOT = iphoneos;
				SWIFT_OPTIMIZATION_LEVEL = "-Onone";
				TARGETED_DEVICE_FAMILY = "1,2";
			};
			name = Debug;
		};
		DD6DDA221A8859BD00A1F933 /* Release */ = {
			isa = XCBuildConfiguration;
			buildSettings = {
				ALWAYS_SEARCH_USER_PATHS = NO;
				CLANG_CXX_LANGUAGE_STANDARD = "gnu++0x";
				CLANG_CXX_LIBRARY = "libc++";
				CLANG_ENABLE_MODULES = YES;
				CLANG_ENABLE_OBJC_ARC = YES;
				CLANG_WARN_BOOL_CONVERSION = YES;
				CLANG_WARN_CONSTANT_CONVERSION = YES;
				CLANG_WARN_DIRECT_OBJC_ISA_USAGE = YES_ERROR;
				CLANG_WARN_EMPTY_BODY = YES;
				CLANG_WARN_ENUM_CONVERSION = YES;
				CLANG_WARN_INT_CONVERSION = YES;
				CLANG_WARN_OBJC_ROOT_CLASS = YES_ERROR;
				CLANG_WARN_UNREACHABLE_CODE = YES;
				CLANG_WARN__DUPLICATE_METHOD_MATCH = YES;
				"CODE_SIGN_IDENTITY[sdk=iphoneos*]" = "iPhone Developer";
				COPY_PHASE_STRIP = YES;
				ENABLE_NS_ASSERTIONS = NO;
				ENABLE_STRICT_OBJC_MSGSEND = YES;
				GCC_C_LANGUAGE_STANDARD = gnu99;
				GCC_WARN_64_TO_32_BIT_CONVERSION = YES;
				GCC_WARN_ABOUT_RETURN_TYPE = YES_ERROR;
				GCC_WARN_UNDECLARED_SELECTOR = YES;
				GCC_WARN_UNINITIALIZED_AUTOS = YES_AGGRESSIVE;
				GCC_WARN_UNUSED_FUNCTION = YES;
				GCC_WARN_UNUSED_VARIABLE = YES;
				IPHONEOS_DEPLOYMENT_TARGET = 8.1;
				MTL_ENABLE_DEBUG_INFO = NO;
				SDKROOT = iphoneos;
				TARGETED_DEVICE_FAMILY = "1,2";
				VALIDATE_PRODUCT = YES;
			};
			name = Release;
		};
		DD6DDA241A8859BD00A1F933 /* Debug */ = {
			isa = XCBuildConfiguration;
			buildSettings = {
				ASSETCATALOG_COMPILER_APPICON_NAME = AppIcon;
				CODE_SIGN_ENTITLEMENTS = FoodTracker/FoodTracker.entitlements;
				CODE_SIGN_IDENTITY = "iPhone Developer";
				"CODE_SIGN_IDENTITY[sdk=iphoneos*]" = "iPhone Developer";
				INFOPLIST_FILE = FoodTracker/Info.plist;
				LD_RUNPATH_SEARCH_PATHS = "$(inherited) @executable_path/Frameworks";
				PRODUCT_NAME = "$(TARGET_NAME)";
				PROVISIONING_PROFILE = "";
			};
			name = Debug;
		};
		DD6DDA251A8859BD00A1F933 /* Release */ = {
			isa = XCBuildConfiguration;
			buildSettings = {
				ASSETCATALOG_COMPILER_APPICON_NAME = AppIcon;
				CODE_SIGN_ENTITLEMENTS = FoodTracker/FoodTracker.entitlements;
				CODE_SIGN_IDENTITY = "iPhone Developer";
				"CODE_SIGN_IDENTITY[sdk=iphoneos*]" = "iPhone Developer";
				INFOPLIST_FILE = FoodTracker/Info.plist;
				LD_RUNPATH_SEARCH_PATHS = "$(inherited) @executable_path/Frameworks";
				PRODUCT_NAME = "$(TARGET_NAME)";
				PROVISIONING_PROFILE = "";
			};
			name = Release;
		};
		DD6DDA271A8859BD00A1F933 /* Debug */ = {
			isa = XCBuildConfiguration;
			buildSettings = {
				BUNDLE_LOADER = "$(TEST_HOST)";
				FRAMEWORK_SEARCH_PATHS = (
					"$(SDKROOT)/Developer/Library/Frameworks",
					"$(inherited)",
				);
				GCC_PREPROCESSOR_DEFINITIONS = (
					"DEBUG=1",
					"$(inherited)",
				);
				INFOPLIST_FILE = FoodTrackerTests/Info.plist;
				LD_RUNPATH_SEARCH_PATHS = "$(inherited) @executable_path/Frameworks @loader_path/Frameworks";
				PRODUCT_NAME = "$(TARGET_NAME)";
				TEST_HOST = "$(BUILT_PRODUCTS_DIR)/FoodTracker.app/FoodTracker";
			};
			name = Debug;
		};
		DD6DDA281A8859BD00A1F933 /* Release */ = {
			isa = XCBuildConfiguration;
			buildSettings = {
				BUNDLE_LOADER = "$(TEST_HOST)";
				FRAMEWORK_SEARCH_PATHS = (
					"$(SDKROOT)/Developer/Library/Frameworks",
					"$(inherited)",
				);
				INFOPLIST_FILE = FoodTrackerTests/Info.plist;
				LD_RUNPATH_SEARCH_PATHS = "$(inherited) @executable_path/Frameworks @loader_path/Frameworks";
				PRODUCT_NAME = "$(TARGET_NAME)";
				TEST_HOST = "$(BUILT_PRODUCTS_DIR)/FoodTracker.app/FoodTracker";
			};
			name = Release;
		};
/* End XCBuildConfiguration section */

/* Begin XCConfigurationList section */
		DD6DD9FC1A8859BC00A1F933 /* Build configuration list for PBXProject "FoodTracker" */ = {
			isa = XCConfigurationList;
			buildConfigurations = (
				DD6DDA211A8859BD00A1F933 /* Debug */,
				DD6DDA221A8859BD00A1F933 /* Release */,
			);
			defaultConfigurationIsVisible = 0;
			defaultConfigurationName = Release;
		};
		DD6DDA231A8859BD00A1F933 /* Build configuration list for PBXNativeTarget "FoodTracker" */ = {
			isa = XCConfigurationList;
			buildConfigurations = (
				DD6DDA241A8859BD00A1F933 /* Debug */,
				DD6DDA251A8859BD00A1F933 /* Release */,
			);
			defaultConfigurationIsVisible = 0;
			defaultConfigurationName = Release;
		};
		DD6DDA261A8859BD00A1F933 /* Build configuration list for PBXNativeTarget "FoodTrackerTests" */ = {
			isa = XCConfigurationList;
			buildConfigurations = (
				DD6DDA271A8859BD00A1F933 /* Debug */,
				DD6DDA281A8859BD00A1F933 /* Release */,
			);
			defaultConfigurationIsVisible = 0;
			defaultConfigurationName = Release;
		};
/* End XCConfigurationList section */

/* Begin XCVersionGroup section */
		DD6DDA081A8859BC00A1F933 /* FoodTracker.xcdatamodeld */ = {
			isa = XCVersionGroup;
			children = (
				DD6DDA091A8859BC00A1F933 /* FoodTracker.xcdatamodel */,
			);
			currentVersion = DD6DDA091A8859BC00A1F933 /* FoodTracker.xcdatamodel */;
			path = FoodTracker.xcdatamodeld;
			sourceTree = "<group>";
			versionGroupType = wrapper.xcdatamodel;
		};
/* End XCVersionGroup section */
	};
	rootObject = DD6DD9F91A8859BC00A1F933 /* Project object */;
}
